<?xml version="1.0" encoding="UTF-8" standalone="yes" ?>
<CodeBlocks_project_file>
	<FileVersion major="1" minor="6" />
	<Project>
		<Option title="ProjetQualiteProg" />
		<Option pch_mode="2" />
		<Option compiler="gcc" />
		<Build>
			<Target title="Debug">
				<Option output="bin/Debug/ProjetQualiteProg" prefix_auto="1" extension_auto="1" />
				<Option object_output="obj/Debug/" />
				<Option type="1" />
				<Option compiler="gcc" />
				<Compiler>
					<Add option="-g" />
				</Compiler>
			</Target>
			<Target title="Release">
				<Option output="bin/Release/ProjetQualiteProg" prefix_auto="1" extension_auto="1" />
				<Option object_output="obj/Release/" />
				<Option type="1" />
				<Option compiler="gcc" />
				<Compiler>
					<Add option="-O2" />
				</Compiler>
				<Linker>
					<Add option="-s" />
				</Linker>
			</Target>
		</Build>
		<Compiler>
			<Add option="-Wall" />
			<Add option="-fexceptions" />
		</Compiler>
		<Unit filename=".gitignore" />
		<Unit filename="afficheur.cpp" />
		<Unit filename="afficheur.h" />
		<Unit filename="amulette.cpp" />
		<Unit filename="amulette.h" />
		<Unit filename="armure.cpp" />
		<Unit filename="armure.h" />
		<Unit filename="aventurier.cpp" />
		<Unit filename="aventurier.h" />
		<Unit filename="config.cpp" />
		<Unit filename="config.h" />
		<Unit filename="epee.cpp" />
		<Unit filename="epee.h" />
		<Unit filename="equipement.cpp" />
		<Unit filename="equipement.h" />
		<Unit filename="include.h" />
		<Unit filename="includeclass.h" />
		<Unit filename="mainterrain.cpp" />
		<Unit filename="monstre.cpp" />
		<Unit filename="monstre.h" />
		<Unit filename="monstreAveugle.cpp" />
		<Unit filename="monstreAveugle.h" />
		<Unit filename="monstreVoyant.cpp" />
		<Unit filename="monstreVoyant.h" />
		<Unit filename="terrain.cpp" />
		<Unit filename="terrain.h" />
		<Unit filename="terrain.txt" />
		<Unit filename="testArmure.cpp" />
		<Unit filename="testAventurier.cpp" />
		<Unit filename="testEpee.cpp" />
		<Unit filename="testMonstreVoyant.cpp" />
		<Unit filename="testObjet.cpp" />
		<Extensions />
	</Project>
</CodeBlocks_project_file>
